// !$*UTF8*$!
{
	archiveVersion = 1;
	classes = {
	};
	objectVersion = 50;
	objects = {

/* Begin PBXBuildFile section */
		623389492396F3C300AA6C3B /* AppDelegate.swift in Sources */ = {isa = PBXBuildFile; fileRef = 623389482396F3C300AA6C3B /* AppDelegate.swift */; };
		6233894B2396F3C300AA6C3B /* SceneDelegate.swift in Sources */ = {isa = PBXBuildFile; fileRef = 6233894A2396F3C300AA6C3B /* SceneDelegate.swift */; };
		6233894D2396F3C300AA6C3B /* ViewController.swift in Sources */ = {isa = PBXBuildFile; fileRef = 6233894C2396F3C300AA6C3B /* ViewController.swift */; };
		623389502396F3C300AA6C3B /* Main.storyboard in Resources */ = {isa = PBXBuildFile; fileRef = 6233894E2396F3C300AA6C3B /* Main.storyboard */; };
		623389522396F3C500AA6C3B /* Assets.xcassets in Resources */ = {isa = PBXBuildFile; fileRef = 623389512396F3C500AA6C3B /* Assets.xcassets */; };
		623389552396F3C500AA6C3B /* LaunchScreen.storyboard in Resources */ = {isa = PBXBuildFile; fileRef = 623389532396F3C500AA6C3B /* LaunchScreen.storyboard */; };
		6233895F2396F7A400AA6C3B /* Cell.xib in Resources */ = {isa = PBXBuildFile; fileRef = 6233895E2396F7A400AA6C3B /* Cell.xib */; };
		623389612396F8B200AA6C3B /* Cell.swift in Sources */ = {isa = PBXBuildFile; fileRef = 623389602396F8B200AA6C3B /* Cell.swift */; };
		623389632396F99000AA6C3B /* Sgt_Peppers.jpg in Resources */ = {isa = PBXBuildFile; fileRef = 623389622396F99000AA6C3B /* Sgt_Peppers.jpg */; };
/* End PBXBuildFile section */

/* Begin PBXFileReference section */
		623389452396F3C300AA6C3B /* UITableViewIndex.app */ = {isa = PBXFileReference; explicitFileType = wrapper.application; includeInIndex = 0; path = UITableViewIndex.app; sourceTree = BUILT_PRODUCTS_DIR; };
		623389482396F3C300AA6C3B /* AppDelegate.swift */ = {isa = PBXFileReference; lastKnownFileType = sourcecode.swift; path = AppDelegate.swift; sourceTree = "<group>"; };
		6233894A2396F3C300AA6C3B /* SceneDelegate.swift */ = {isa = PBXFileReference; lastKnownFileType = sourcecode.swift; path = SceneDelegate.swift; sourceTree = "<group>"; };
		6233894C2396F3C300AA6C3B /* ViewController.swift */ = {isa = PBXFileReference; lastKnownFileType = sourcecode.swift; path = ViewController.swift; sourceTree = "<group>"; };
		6233894F2396F3C300AA6C3B /* Base */ = {isa = PBXFileReference; lastKnownFileType = file.storyboard; name = Base; path = Base.lproj/Main.storyboard; sourceTree = "<group>"; };
		623389512396F3C500AA6C3B /* Assets.xcassets */ = {isa = PBXFileReference; lastKnownFileType = folder.assetcatalog; path = Assets.xcassets; sourceTree = "<group>"; };
		623389542396F3C500AA6C3B /* Base */ = {isa = PBXFileReference; lastKnownFileType = file.storyboard; name = Base; path = Base.lproj/LaunchScreen.storyboard; sourceTree = "<group>"; };
		623389562396F3C500AA6C3B /* Info.plist */ = {isa = PBXFileReference; lastKnownFileType = text.plist.xml; path = Info.plist; sourceTree = "<group>"; };
		6233895E2396F7A400AA6C3B /* Cell.xib */ = {isa = PBXFileReference; lastKnownFileType = file.xib; path = Cell.xib; sourceTree = "<group>"; };
		623389602396F8B200AA6C3B /* Cell.swift */ = {isa = PBXFileReference; lastKnownFileType = sourcecode.swift; path = Cell.swift; sourceTree = "<group>"; };
		623389622396F99000AA6C3B /* Sgt_Peppers.jpg */ = {isa = PBXFileReference; lastKnownFileType = image.jpeg; path = Sgt_Peppers.jpg; sourceTree = "<group>"; };
/* End PBXFileReference section */

/* Begin PBXFrameworksBuildPhase section */
		623389422396F3C300AA6C3B /* Frameworks */ = {
			isa = PBXFrameworksBuildPhase;
			buildActionMask = 2147483647;
			files = (
			);
			runOnlyForDeploymentPostprocessing = 0;
		};
/* End PBXFrameworksBuildPhase section */

/* Begin PBXGroup section */
		6233893C2396F3C300AA6C3B = {
			isa = PBXGroup;
			children = (
				623389472396F3C300AA6C3B /* UITableViewIndex */,
				623389462396F3C300AA6C3B /* Products */,
			);
			sourceTree = "<group>";
		};
		623389462396F3C300AA6C3B /* Products */ = {
			isa = PBXGroup;
			children = (
				623389452396F3C300AA6C3B /* UITableViewIndex.app */,
			);
			name = Products;
			sourceTree = "<group>";
		};
		623389472396F3C300AA6C3B /* UITableViewIndex */ = {
			isa = PBXGroup;
			children = (
				623389482396F3C300AA6C3B /* AppDelegate.swift */,
				6233894A2396F3C300AA6C3B /* SceneDelegate.swift */,
				6233894C2396F3C300AA6C3B /* ViewController.swift */,
				6233894E2396F3C300AA6C3B /* Main.storyboard */,
				623389512396F3C500AA6C3B /* Assets.xcassets */,
				623389622396F99000AA6C3B /* Sgt_Peppers.jpg */,
				623389532396F3C500AA6C3B /* LaunchScreen.storyboard */,
				623389562396F3C500AA6C3B /* Info.plist */,
				6233895E2396F7A400AA6C3B /* Cell.xib */,
				623389602396F8B200AA6C3B /* Cell.swift */,
			);
			path = UITableViewIndex;
			sourceTree = "<group>";
		};
/* End PBXGroup section */

/* Begin PBXNativeTarget section */
		623389442396F3C300AA6C3B /* UITableViewIndex */ = {
			isa = PBXNativeTarget;
			buildConfigurationList = 623389592396F3C500AA6C3B /* Build configuration list for PBXNativeTarget "UITableViewIndex" */;
			buildPhases = (
				623389412396F3C300AA6C3B /* Sources */,
				623389422396F3C300AA6C3B /* Frameworks */,
				623389432396F3C300AA6C3B /* Resources */,
			);
			buildRules = (
			);
			dependencies = (
			);
			name = UITableViewIndex;
			productName = UITableViewIndex;
			productReference = 623389452396F3C300AA6C3B /* UITableViewIndex.app */;
			productType = "com.apple.product-type.application";
		};
/* End PBXNativeTarget section */

/* Begin PBXProject section */
		6233893D2396F3C300AA6C3B /* Project object */ = {
			isa = PBXProject;
			attributes = {
				LastSwiftUpdateCheck = 1120;
				LastUpgradeCheck = 1120;
				ORGANIZATIONNAME = "Henrique Valcanaia";
				TargetAttributes = {
					623389442396F3C300AA6C3B = {
						CreatedOnToolsVersion = 11.2.1;
					};
				};
			};
			buildConfigurationList = 623389402396F3C300AA6C3B /* Build configuration list for PBXProject "UITableViewIndex" */;
			compatibilityVersion = "Xcode 9.3";
			developmentRegion = en;
			hasScannedForEncodings = 0;
			knownRegions = (
				en,
				Base,
			);
			mainGroup = 6233893C2396F3C300AA6C3B;
			productRefGroup = 623389462396F3C300AA6C3B /* Products */;
			projectDirPath = "";
			projectRoot = "";
			targets = (
				623389442396F3C300AA6C3B /* UITableViewIndex */,
			);
		};
/* End PBXProject section */

/* Begin PBXResourcesBuildPhase section */
		623389432396F3C300AA6C3B /* Resources */ = {
			isa = PBXResourcesBuildPhase;
			buildActionMask = 2147483647;
			files = (
				623389552396F3C500AA6C3B /* LaunchScreen.storyboard in Resources */,
				623389632396F99000AA6C3B /* Sgt_Peppers.jpg in Resources */,
				6233895F2396F7A400AA6C3B /* Cell.xib in Resources */,
				623389522396F3C500AA6C3B /* Assets.xcassets in Resources */,
				623389502396F3C300AA6C3B /* Main.storyboard in Resources */,
			);
			runOnlyForDeploymentPostprocessing = 0;
		};
/* End PBXResourcesBuildPhase section */

/* Begin PBXSourcesBuildPhase section */
		623389412396F3C300AA6C3B /* Sources */ = {
			isa = PBXSourcesBuildPhase;
			buildActionMask = 2147483647;
			files = (
				6233894D2396F3C300AA6C3B /* ViewController.swift in Sources */,
				623389612396F8B200AA6C3B /* Cell.swift in Sources */,
				623389492396F3C300AA6C3B /* AppDelegate.swift in Sources */,
				6233894B2396F3C300AA6C3B /* SceneDelegate.swift in Sources */,
			);
			runOnlyForDeploymentPostprocessing = 0;
		};
/* End PBXSourcesBuildPhase section */

/* Begin PBXVariantGroup section */
		6233894E2396F3C300AA6C3B /* Main.storyboard */ = {
			isa = PBXVariantGroup;
			children = (
				6233894F2396F3C300AA6C3B /* Base */,
			);
			name = Main.storyboard;
			sourceTree = "<group>";
		};
		623389532396F3C500AA6C3B /* LaunchScreen.storyboard */ = {
			isa = PBXVariantGroup;
			children = (
				623389542396F3C500AA6C3B /* Base */,
			);
			name = LaunchScreen.storyboard;
			sourceTree = "<group>";
		};
/* End PBXVariantGroup section */

/* Begin XCBuildConfiguration section */
		623389572396F3C500AA6C3B /* Debug */ = {
			isa = XCBuildConfiguration;
			buildSettings = {
				ALWAYS_SEARCH_USER_PATHS = NO;
				CLANG_ANALYZER_NONNULL = YES;
				CLANG_ANALYZER_NUMBER_OBJECT_CONVERSION = YES_AGGRESSIVE;
				CLANG_CXX_LANGUAGE_STANDARD = "gnu++14";
				CLANG_CXX_LIBRARY = "libc++";
				CLANG_ENABLE_MODULES = YES;
				CLANG_ENABLE_OBJC_ARC = YES;
				CLANG_ENABLE_OBJC_WEAK = YES;
				CLANG_WARN_BLOCK_CAPTURE_AUTORELEASING = YES;
				CLANG_WARN_BOOL_CONVERSION = YES;
				CLANG_WARN_COMMA = YES;
				CLANG_WARN_CONSTANT_CONVERSION = YES;
				CLANG_WARN_DEPRECATED_OBJC_IMPLEMENTATIONS = YES;
				CLANG_WARN_DIRECT_OBJC_ISA_USAGE = YES_ERROR;
				CLANG_WARN_DOCUMENTATION_COMMENTS = YES;
				CLANG_WARN_EMPTY_BODY = YES;
				CLANG_WARN_ENUM_CONVERSION = YES;
				CLANG_WARN_INFINITE_RECURSION = YES;
				CLANG_WARN_INT_CONVERSION = YES;
				CLANG_WARN_NON_LITERAL_NULL_CONVERSION = YES;
				CLANG_WARN_OBJC_IMPLICIT_RETAIN_SELF = YES;
				CLANG_WARN_OBJC_LITERAL_CONVERSION = YES;
				CLANG_WARN_OBJC_ROOT_CLASS = YES_ERROR;
				CLANG_WARN_RANGE_LOOP_ANALYSIS = YES;
				CLANG_WARN_STRICT_PROTOTYPES = YES;
				CLANG_WARN_SUSPICIOUS_MOVE = YES;
				CLANG_WARN_UNGUARDED_AVAILABILITY = YES_AGGRESSIVE;
				CLANG_WARN_UNREACHABLE_CODE = YES;
				CLANG_WARN__DUPLICATE_METHOD_MATCH = YES;
				COPY_PHASE_STRIP = NO;
				DEBUG_INFORMATION_FORMAT = dwarf;
				ENABLE_STRICT_OBJC_MSGSEND = YES;
				ENABLE_TESTABILITY = YES;
				GCC_C_LANGUAGE_STANDARD = gnu11;
				GCC_DYNAMIC_NO_PIC = NO;
				GCC_NO_COMMON_BLOCKS = YES;
				GCC_OPTIMIZATION_LEVEL = 0;
				GCC_PREPROCESSOR_DEFINITIONS = (
					"DEBUG=1",
					"$(inherited)",
				);
				GCC_WARN_64_TO_32_BIT_CONVERSION = YES;
				GCC_WARN_ABOUT_RETURN_TYPE = YES_ERROR;
				GCC_WARN_UNDECLARED_SELECTOR = YES;
				GCC_WARN_UNINITIALIZED_AUTOS = YES_AGGRESSIVE;
				GCC_WARN_UNUSED_FUNCTION = YES;
				GCC_WARN_UNUSED_VARIABLE = YES;
				IPHONEOS_DEPLOYMENT_TARGET = 13.2;
				MTL_ENABLE_DEBUG_INFO = INCLUDE_SOURCE;
				MTL_FAST_MATH = YES;
				ONLY_ACTIVE_ARCH = YES;
				SDKROOT = iphoneos;
				SWIFT_ACTIVE_COMPILATION_CONDITIONS = DEBUG;
				SWIFT_OPTIMIZATION_LEVEL = "-Onone";
			};
			name = Debug;
		};
		623389582396F3C500AA6C3B /* Release */ = {
			isa = XCBuildConfiguration;
			buildSettings = {
				ALWAYS_SEARCH_USER_PATHS = NO;
				CLANG_ANALYZER_NONNULL = YES;
				CLANG_ANALYZER_NUMBER_OBJECT_CONVERSION = YES_AGGRESSIVE;
				CLANG_CXX_LANGUAGE_STANDARD = "gnu++14";
				CLANG_CXX_LIBRARY = "libc++";
				CLANG_ENABLE_MODULES = YES;
				CLANG_ENABLE_OBJC_ARC = YES;
				CLANG_ENABLE_OBJC_WEAK = YES;
				CLANG_WARN_BLOCK_CAPTURE_AUTORELEASING = YES;
				CLANG_WARN_BOOL_CONVERSION = YES;
				CLANG_WARN_COMMA = YES;
				CLANG_WARN_CONSTANT_CONVERSION = YES;
				CLANG_WARN_DEPRECATED_OBJC_IMPLEMENTATIONS = YES;
				CLANG_WARN_DIRECT_OBJC_ISA_USAGE = YES_ERROR;
				CLANG_WARN_DOCUMENTATION_COMMENTS = YES;
				CLANG_WARN_EMPTY_BODY = YES;
				CLANG_WARN_ENUM_CONVERSION = YES;
				CLANG_WARN_INFINITE_RECURSION = YES;
				CLANG_WARN_INT_CONVERSION = YES;
				CLANG_WARN_NON_LITERAL_NULL_CONVERSION = YES;
				CLANG_WARN_OBJC_IMPLICIT_RETAIN_SELF = YES;
				CLANG_WARN_OBJC_LITERAL_CONVERSION = YES;
				CLANG_WARN_OBJC_ROOT_CLASS = YES_ERROR;
				CLANG_WARN_RANGE_LOOP_ANALYSIS = YES;
				CLANG_WARN_STRICT_PROTOTYPES = YES;
				CLANG_WARN_SUSPICIOUS_MOVE = YES;
				CLANG_WARN_UNGUARDED_AVAILABILITY = YES_AGGRESSIVE;
				CLANG_WARN_UNREACHABLE_CODE = YES;
				CLANG_WARN__DUPLICATE_METHOD_MATCH = YES;
				COPY_PHASE_STRIP = NO;
				DEBUG_INFORMATION_FORMAT = "dwarf-with-dsym";
				ENABLE_NS_ASSERTIONS = NO;
				ENABLE_STRICT_OBJC_MSGSEND = YES;
				GCC_C_LANGUAGE_STANDARD = gnu11;
				GCC_NO_COMMON_BLOCKS = YES;
				GCC_WARN_64_TO_32_BIT_CONVERSION = YES;
				GCC_WARN_ABOUT_RETURN_TYPE = YES_ERROR;
				GCC_WARN_UNDECLARED_SELECTOR = YES;
				GCC_WARN_UNINITIALIZED_AUTOS = YES_AGGRESSIVE;
				GCC_WARN_UNUSED_FUNCTION = YES;
				GCC_WARN_UNUSED_VARIABLE = YES;
				IPHONEOS_DEPLOYMENT_TARGET = 13.2;
				MTL_ENABLE_DEBUG_INFO = NO;
				MTL_FAST_MATH = YES;
				SDKROOT = iphoneos;
				SWIFT_COMPILATION_MODE = wholemodule;
				SWIFT_OPTIMIZATION_LEVEL = "-O";
				VALIDATE_PRODUCT = YES;
			};
			name = Release;
		};
		6233895A2396F3C500AA6C3B /* Debug */ = {
			isa = XCBuildConfiguration;
			buildSettings = {
				ASSETCATALOG_COMPILER_APPICON_NAME = AppIcon;
				CODE_SIGN_STYLE = Automatic;
				DEVELOPMENT_TEAM = 8WCPHDZJPJ;
				INFOPLIST_FILE = UITableViewIndex/Info.plist;
				LD_RUNPATH_SEARCH_PATHS = (
					"$(inherited)",
					"@executable_path/Frameworks",
				);
				PRODUCT_BUNDLE_IDENTIFIER = com.henriquevalcanaia.UITableViewIndex;
				PRODUCT_NAME = "$(TARGET_NAME)";
				SWIFT_VERSION = 5.0;
				TARGETED_DEVICE_FAMILY = "1,2";
			};
			name = Debug;
		};
		6233895B2396F3C500AA6C3B /* Release */ = {
			isa = XCBuildConfiguration;
			buildSettings = {
				ASSETCATALOG_COMPILER_APPICON_NAME = AppIcon;
				CODE_SIGN_STYLE = Automatic;
				DEVELOPMENT_TEAM = 8WCPHDZJPJ;
				INFOPLIST_FILE = UITableViewIndex/Info.plist;
				LD_RUNPATH_SEARCH_PATHS = (
					"$(inherited)",
					"@executable_path/Frameworks",
				);
				PRODUCT_BUNDLE_IDENTIFIER = com.henriquevalcanaia.UITableViewIndex;
				PRODUCT_NAME = "$(TARGET_NAME)";
				SWIFT_VERSION = 5.0;
				TARGETED_DEVICE_FAMILY = "1,2";
			};
			name = Release;
		};
/* End XCBuildConfiguration section */

/* Begin XCConfigurationList section */
		623389402396F3C300AA6C3B /* Build configuration list for PBXProject "UITableViewIndex" */ = {
			isa = XCConfigurationList;
			buildConfigurations = (
				623389572396F3C500AA6C3B /* Debug */,
				623389582396F3C500AA6C3B /* Release */,
			);
			defaultConfigurationIsVisible = 0;
			defaultConfigurationName = Release;
		};
		623389592396F3C500AA6C3B /* Build configuration list for PBXNativeTarget "UITableViewIndex" */ = {
			isa = XCConfigurationList;
			buildConfigurations = (
				6233895A2396F3C500AA6C3B /* Debug */,
				6233895B2396F3C500AA6C3B /* Release */,
			);
			defaultConfigurationIsVisible = 0;
			defaultConfigurationName = Release;
		};
/* End XCConfigurationList section */
	};
	rootObject = 6233893D2396F3C300AA6C3B /* Project object */;
}
